Microsoft Visual Studio Solution File, Format Version 12.00
# Visual Studio Version 17
VisualStudioVersion = 17.5.2.0
MinimumVisualStudioVersion = 10.0.40219.1
Project("{FAE04EC0-301F-11D3-BF4B-00C04F79EFBC}") = "EleicaoBrasilApi", "EleicaoBrasilApi.csproj", "{BD6BBA8A-DFAA-94A0-0B96-E1D6BFCBEAEB}"
EndProject
Global
	GlobalSection(SolutionConfigurationPlatforms) = preSolution
		Debug|Any CPU = Debug|Any CPU
		Release|Any CPU = Release|Any CPU
	EndGlobalSection
	GlobalSection(ProjectConfigurationPlatforms) = postSolution
		{BD6BBA8A-DFAA-94A0-0B96-E1D6BFCBEAEB}.Debug|Any CPU.ActiveCfg = Debug|Any CPU
		{BD6BBA8A-DFAA-94A0-0B96-E1D6BFCBEAEB}.Debug|Any CPU.Build.0 = Debug|Any CPU
		{BD6BBA8A-DFAA-94A0-0B96-E1D6BFCBEAEB}.Release|Any CPU.ActiveCfg = Release|Any CPU
		{BD6BBA8A-DFAA-94A0-0B96-E1D6BFCBEAEB}.Release|Any CPU.Build.0 = Release|Any CPU
	EndGlobalSection
	GlobalSection(SolutionProperties) = preSolution
		HideSolutionNode = FALSE
	EndGlobalSection
	GlobalSection(ExtensibilityGlobals) = postSolution
		SolutionGuid = {8C034437-C5C2-4C68-9595-65F840400F36}
	EndGlobalSection
EndGlobal
